
Microsoft Visual Studio Solution File, Format Version 12.00
# Visual Studio Version 16
VisualStudioVersion = 16.0.31624.102
MinimumVisualStudioVersion = 10.0.40219.1
Project("{FAE04EC0-301F-11D3-BF4B-00C04F79EFBC}") = "Disco Factory", "Disco Factory\Disco Factory.csproj", "{8B94622D-A9EE-4E7F-99DB-69952893BC05}"
EndProject
Global
	GlobalSection(SolutionConfigurationPlatforms) = preSolution
		Debug|Any CPU = Debug|Any CPU
		Release|Any CPU = Release|Any CPU
	EndGlobalSection
	GlobalSection(ProjectConfigurationPlatforms) = postSolution
		{8B94622D-A9EE-4E7F-99DB-69952893BC05}.Debug|Any CPU.ActiveCfg = Debug|Any CPU
		{8B94622D-A9EE-4E7F-99DB-69952893BC05}.Debug|Any CPU.Build.0 = Debug|Any CPU
		{8B94622D-A9EE-4E7F-99DB-69952893BC05}.Release|Any CPU.ActiveCfg = Release|Any CPU
		{8B94622D-A9EE-4E7F-99DB-69952893BC05}.Release|Any CPU.Build.0 = Release|Any CPU
	EndGlobalSection
	GlobalSection(SolutionProperties) = preSolution
		HideSolutionNode = FALSE
	EndGlobalSection
	GlobalSection(ExtensibilityGlobals) = postSolution
		SolutionGuid = {375C12FB-3AA4-464C-A614-0F83F498ECB1}
	EndGlobalSection
EndGlobal
